
Microsoft Visual Studio Solution File, Format Version 12.00
# Visual Studio Version 17
VisualStudioVersion = 17.11.35312.102
MinimumVisualStudioVersion = 10.0.40219.1
Project("{FAE04EC0-301F-11D3-BF4B-00C04F79EFBC}") = "1yroven", "1yroven\1yroven.csproj", "{37FA8D99-84F4-41DA-8CFB-2FA6C160515A}"
EndProject
Global
	GlobalSection(SolutionConfigurationPlatforms) = preSolution
		Debug|Any CPU = Debug|Any CPU
		Release|Any CPU = Release|Any CPU
	EndGlobalSection
	GlobalSection(ProjectConfigurationPlatforms) = postSolution
		{37FA8D99-84F4-41DA-8CFB-2FA6C160515A}.Debug|Any CPU.ActiveCfg = Debug|Any CPU
		{37FA8D99-84F4-41DA-8CFB-2FA6C160515A}.Debug|Any CPU.Build.0 = Debug|Any CPU
		{37FA8D99-84F4-41DA-8CFB-2FA6C160515A}.Release|Any CPU.ActiveCfg = Release|Any CPU
		{37FA8D99-84F4-41DA-8CFB-2FA6C160515A}.Release|Any CPU.Build.0 = Release|Any CPU
	EndGlobalSection
	GlobalSection(SolutionProperties) = preSolution
		HideSolutionNode = FALSE
	EndGlobalSection
	GlobalSection(ExtensibilityGlobals) = postSolution
		SolutionGuid = {AD2F80E4-2886-4C82-92ED-7AA6F35FD187}
	EndGlobalSection
EndGlobal
